
Microsoft Visual Studio Solution File, Format Version 12.00
# Visual Studio 2013
VisualStudioVersion = 12.0.31101.0
MinimumVisualStudioVersion = 10.0.40219.1
Project("{FAE04EC0-301F-11D3-BF4B-00C04F79EFBC}") = "KanbanBoardApplication", "KanbanBoardApplication.csproj", "{55BFF49E-486E-4D86-8B60-C1D7063459FA}"
EndProject
Project("{FAE04EC0-301F-11D3-BF4B-00C04F79EFBC}") = "ProjectUnitTests", "..\ProjectUnitTests\ProjectUnitTests.csproj", "{F8C3F437-8DCF-48F8-BD90-D231B161852C}"
EndProject
Project("{FAE04EC0-301F-11D3-BF4B-00C04F79EFBC}") = "KanbanApplicationMVVM", "..\KanbanApplicationMVVM\KanbanApplicationMVVM.csproj", "{C58D7B5D-6888-40C0-BF1C-B808D2071D74}"
EndProject
Global
	GlobalSection(SolutionConfigurationPlatforms) = preSolution
		Debug|Any CPU = Debug|Any CPU
		Release|Any CPU = Release|Any CPU
	EndGlobalSection
	GlobalSection(ProjectConfigurationPlatforms) = postSolution
		{55BFF49E-486E-4D86-8B60-C1D7063459FA}.Debug|Any CPU.ActiveCfg = Debug|Any CPU
		{55BFF49E-486E-4D86-8B60-C1D7063459FA}.Debug|Any CPU.Build.0 = Debug|Any CPU
		{55BFF49E-486E-4D86-8B60-C1D7063459FA}.Release|Any CPU.ActiveCfg = Release|Any CPU
		{55BFF49E-486E-4D86-8B60-C1D7063459FA}.Release|Any CPU.Build.0 = Release|Any CPU
		{F8C3F437-8DCF-48F8-BD90-D231B161852C}.Debug|Any CPU.ActiveCfg = Debug|Any CPU
		{F8C3F437-8DCF-48F8-BD90-D231B161852C}.Debug|Any CPU.Build.0 = Debug|Any CPU
		{F8C3F437-8DCF-48F8-BD90-D231B161852C}.Release|Any CPU.ActiveCfg = Release|Any CPU
		{F8C3F437-8DCF-48F8-BD90-D231B161852C}.Release|Any CPU.Build.0 = Release|Any CPU
		{C58D7B5D-6888-40C0-BF1C-B808D2071D74}.Debug|Any CPU.ActiveCfg = Debug|Any CPU
		{C58D7B5D-6888-40C0-BF1C-B808D2071D74}.Debug|Any CPU.Build.0 = Debug|Any CPU
		{C58D7B5D-6888-40C0-BF1C-B808D2071D74}.Release|Any CPU.ActiveCfg = Release|Any CPU
		{C58D7B5D-6888-40C0-BF1C-B808D2071D74}.Release|Any CPU.Build.0 = Release|Any CPU
	EndGlobalSection
	GlobalSection(SolutionProperties) = preSolution
		HideSolutionNode = FALSE
	EndGlobalSection
EndGlobal
